// !$*UTF8*$!
{
	archiveVersion = 1;
	classes = {
	};
	objectVersion = 50;
	objects = {

/* Begin PBXBuildFile section */
		ABE095A026E3322E0045B88F /* AppDelegate.swift in Sources */ = {isa = PBXBuildFile; fileRef = ABE0959F26E3322E0045B88F /* AppDelegate.swift */; };
		ABE095A226E3322E0045B88F /* SceneDelegate.swift in Sources */ = {isa = PBXBuildFile; fileRef = ABE095A126E3322E0045B88F /* SceneDelegate.swift */; };
		ABE095A426E3322E0045B88F /* WelcomeViewController.swift in Sources */ = {isa = PBXBuildFile; fileRef = ABE095A326E3322E0045B88F /* WelcomeViewController.swift */; };
		ABE095A726E3322E0045B88F /* Main.storyboard in Resources */ = {isa = PBXBuildFile; fileRef = ABE095A526E3322E0045B88F /* Main.storyboard */; };
		ABE095A926E332310045B88F /* Assets.xcassets in Resources */ = {isa = PBXBuildFile; fileRef = ABE095A826E332310045B88F /* Assets.xcassets */; };
		ABE095AC26E332310045B88F /* LaunchScreen.storyboard in Resources */ = {isa = PBXBuildFile; fileRef = ABE095AA26E332310045B88F /* LaunchScreen.storyboard */; };
		ABE095B526E454D60045B88F /* RegisterViewController.swift in Sources */ = {isa = PBXBuildFile; fileRef = ABE095B426E454D60045B88F /* RegisterViewController.swift */; };
		ABE095B726E474640045B88F /* LogInViewController.swift in Sources */ = {isa = PBXBuildFile; fileRef = ABE095B626E474640045B88F /* LogInViewController.swift */; };
		ABE095BA26E474E20045B88F /* ChatViewController.swift in Sources */ = {isa = PBXBuildFile; fileRef = ABE095B926E474E10045B88F /* ChatViewController.swift */; };
/* End PBXBuildFile section */

/* Begin PBXFileReference section */
		ABE0959C26E3322E0045B88F /* myChatPractice.app */ = {isa = PBXFileReference; explicitFileType = wrapper.application; includeInIndex = 0; path = myChatPractice.app; sourceTree = BUILT_PRODUCTS_DIR; };
		ABE0959F26E3322E0045B88F /* AppDelegate.swift */ = {isa = PBXFileReference; lastKnownFileType = sourcecode.swift; path = AppDelegate.swift; sourceTree = "<group>"; };
		ABE095A126E3322E0045B88F /* SceneDelegate.swift */ = {isa = PBXFileReference; lastKnownFileType = sourcecode.swift; path = SceneDelegate.swift; sourceTree = "<group>"; };
		ABE095A326E3322E0045B88F /* WelcomeViewController.swift */ = {isa = PBXFileReference; lastKnownFileType = sourcecode.swift; path = WelcomeViewController.swift; sourceTree = "<group>"; };
		ABE095A626E3322E0045B88F /* Base */ = {isa = PBXFileReference; lastKnownFileType = file.storyboard; name = Base; path = Base.lproj/Main.storyboard; sourceTree = "<group>"; };
		ABE095A826E332310045B88F /* Assets.xcassets */ = {isa = PBXFileReference; lastKnownFileType = folder.assetcatalog; path = Assets.xcassets; sourceTree = "<group>"; };
		ABE095AB26E332310045B88F /* Base */ = {isa = PBXFileReference; lastKnownFileType = file.storyboard; name = Base; path = Base.lproj/LaunchScreen.storyboard; sourceTree = "<group>"; };
		ABE095AD26E332310045B88F /* Info.plist */ = {isa = PBXFileReference; lastKnownFileType = text.plist.xml; path = Info.plist; sourceTree = "<group>"; };
		ABE095B426E454D60045B88F /* RegisterViewController.swift */ = {isa = PBXFileReference; lastKnownFileType = sourcecode.swift; path = RegisterViewController.swift; sourceTree = "<group>"; };
		ABE095B626E474640045B88F /* LogInViewController.swift */ = {isa = PBXFileReference; lastKnownFileType = sourcecode.swift; path = LogInViewController.swift; sourceTree = "<group>"; };
		ABE095B926E474E10045B88F /* ChatViewController.swift */ = {isa = PBXFileReference; lastKnownFileType = sourcecode.swift; path = ChatViewController.swift; sourceTree = "<group>"; };
/* End PBXFileReference section */

/* Begin PBXFrameworksBuildPhase section */
		ABE0959926E3322E0045B88F /* Frameworks */ = {
			isa = PBXFrameworksBuildPhase;
			buildActionMask = 2147483647;
			files = (
			);
			runOnlyForDeploymentPostprocessing = 0;
		};
/* End PBXFrameworksBuildPhase section */

/* Begin PBXGroup section */
		ABE0959326E3322E0045B88F = {
			isa = PBXGroup;
			children = (
				ABE0959E26E3322E0045B88F /* myChatPractice */,
				ABE0959D26E3322E0045B88F /* Products */,
			);
			sourceTree = "<group>";
		};
		ABE0959D26E3322E0045B88F /* Products */ = {
			isa = PBXGroup;
			children = (
				ABE0959C26E3322E0045B88F /* myChatPractice.app */,
			);
			name = Products;
			sourceTree = "<group>";
		};
		ABE0959E26E3322E0045B88F /* myChatPractice */ = {
			isa = PBXGroup;
			children = (
				ABE0959F26E3322E0045B88F /* AppDelegate.swift */,
				ABE095A126E3322E0045B88F /* SceneDelegate.swift */,
				ABE095B326E452050045B88F /* Controller */,
				ABE095B826E474980045B88F /* View */,
				ABE095A826E332310045B88F /* Assets.xcassets */,
				ABE095AA26E332310045B88F /* LaunchScreen.storyboard */,
				ABE095AD26E332310045B88F /* Info.plist */,
			);
			path = myChatPractice;
			sourceTree = "<group>";
		};
		ABE095B326E452050045B88F /* Controller */ = {
			isa = PBXGroup;
			children = (
				ABE095A326E3322E0045B88F /* WelcomeViewController.swift */,
				ABE095B426E454D60045B88F /* RegisterViewController.swift */,
				ABE095B626E474640045B88F /* LogInViewController.swift */,
				ABE095B926E474E10045B88F /* ChatViewController.swift */,
			);
			path = Controller;
			sourceTree = "<group>";
		};
		ABE095B826E474980045B88F /* View */ = {
			isa = PBXGroup;
			children = (
				ABE095A526E3322E0045B88F /* Main.storyboard */,
			);
			path = View;
			sourceTree = "<group>";
		};
/* End PBXGroup section */

/* Begin PBXNativeTarget section */
		ABE0959B26E3322E0045B88F /* myChatPractice */ = {
			isa = PBXNativeTarget;
			buildConfigurationList = ABE095B026E332310045B88F /* Build configuration list for PBXNativeTarget "myChatPractice" */;
			buildPhases = (
				ABE0959826E3322E0045B88F /* Sources */,
				ABE0959926E3322E0045B88F /* Frameworks */,
				ABE0959A26E3322E0045B88F /* Resources */,
			);
			buildRules = (
			);
			dependencies = (
			);
			name = myChatPractice;
			productName = myChatPractice;
			productReference = ABE0959C26E3322E0045B88F /* myChatPractice.app */;
			productType = "com.apple.product-type.application";
		};
/* End PBXNativeTarget section */

/* Begin PBXProject section */
		ABE0959426E3322E0045B88F /* Project object */ = {
			isa = PBXProject;
			attributes = {
				LastSwiftUpdateCheck = 1250;
				LastUpgradeCheck = 1250;
				TargetAttributes = {
					ABE0959B26E3322E0045B88F = {
						CreatedOnToolsVersion = 12.5.1;
					};
				};
			};
			buildConfigurationList = ABE0959726E3322E0045B88F /* Build configuration list for PBXProject "myChatPractice" */;
			compatibilityVersion = "Xcode 9.3";
			developmentRegion = en;
			hasScannedForEncodings = 0;
			knownRegions = (
				en,
				Base,
			);
			mainGroup = ABE0959326E3322E0045B88F;
			productRefGroup = ABE0959D26E3322E0045B88F /* Products */;
			projectDirPath = "";
			projectRoot = "";
			targets = (
				ABE0959B26E3322E0045B88F /* myChatPractice */,
			);
		};
/* End PBXProject section */

/* Begin PBXResourcesBuildPhase section */
		ABE0959A26E3322E0045B88F /* Resources */ = {
			isa = PBXResourcesBuildPhase;
			buildActionMask = 2147483647;
			files = (
				ABE095AC26E332310045B88F /* LaunchScreen.storyboard in Resources */,
				ABE095A926E332310045B88F /* Assets.xcassets in Resources */,
				ABE095A726E3322E0045B88F /* Main.storyboard in Resources */,
			);
			runOnlyForDeploymentPostprocessing = 0;
		};
/* End PBXResourcesBuildPhase section */

/* Begin PBXSourcesBuildPhase section */
		ABE0959826E3322E0045B88F /* Sources */ = {
			isa = PBXSourcesBuildPhase;
			buildActionMask = 2147483647;
			files = (
				ABE095A426E3322E0045B88F /* WelcomeViewController.swift in Sources */,
				ABE095A026E3322E0045B88F /* AppDelegate.swift in Sources */,
				ABE095A226E3322E0045B88F /* SceneDelegate.swift in Sources */,
				ABE095B726E474640045B88F /* LogInViewController.swift in Sources */,
				ABE095BA26E474E20045B88F /* ChatViewController.swift in Sources */,
				ABE095B526E454D60045B88F /* RegisterViewController.swift in Sources */,
			);
			runOnlyForDeploymentPostprocessing = 0;
		};
/* End PBXSourcesBuildPhase section */

/* Begin PBXVariantGroup section */
		ABE095A526E3322E0045B88F /* Main.storyboard */ = {
			isa = PBXVariantGroup;
			children = (
				ABE095A626E3322E0045B88F /* Base */,
			);
			name = Main.storyboard;
			sourceTree = "<group>";
		};
		ABE095AA26E332310045B88F /* LaunchScreen.storyboard */ = {
			isa = PBXVariantGroup;
			children = (
				ABE095AB26E332310045B88F /* Base */,
			);
			name = LaunchScreen.storyboard;
			sourceTree = "<group>";
		};
/* End PBXVariantGroup section */

/* Begin XCBuildConfiguration section */
		ABE095AE26E332310045B88F /* Debug */ = {
			isa = XCBuildConfiguration;
			buildSettings = {
				ALWAYS_SEARCH_USER_PATHS = NO;
				CLANG_ANALYZER_NONNULL = YES;
				CLANG_ANALYZER_NUMBER_OBJECT_CONVERSION = YES_AGGRESSIVE;
				CLANG_CXX_LANGUAGE_STANDARD = "gnu++14";
				CLANG_CXX_LIBRARY = "libc++";
				CLANG_ENABLE_MODULES = YES;
				CLANG_ENABLE_OBJC_ARC = YES;
				CLANG_ENABLE_OBJC_WEAK = YES;
				CLANG_WARN_BLOCK_CAPTURE_AUTORELEASING = YES;
				CLANG_WARN_BOOL_CONVERSION = YES;
				CLANG_WARN_COMMA = YES;
				CLANG_WARN_CONSTANT_CONVERSION = YES;
				CLANG_WARN_DEPRECATED_OBJC_IMPLEMENTATIONS = YES;
				CLANG_WARN_DIRECT_OBJC_ISA_USAGE = YES_ERROR;
				CLANG_WARN_DOCUMENTATION_COMMENTS = YES;
				CLANG_WARN_EMPTY_BODY = YES;
				CLANG_WARN_ENUM_CONVERSION = YES;
				CLANG_WARN_INFINITE_RECURSION = YES;
				CLANG_WARN_INT_CONVERSION = YES;
				CLANG_WARN_NON_LITERAL_NULL_CONVERSION = YES;
				CLANG_WARN_OBJC_IMPLICIT_RETAIN_SELF = YES;
				CLANG_WARN_OBJC_LITERAL_CONVERSION = YES;
				CLANG_WARN_OBJC_ROOT_CLASS = YES_ERROR;
				CLANG_WARN_QUOTED_INCLUDE_IN_FRAMEWORK_HEADER = YES;
				CLANG_WARN_RANGE_LOOP_ANALYSIS = YES;
				CLANG_WARN_STRICT_PROTOTYPES = YES;
				CLANG_WARN_SUSPICIOUS_MOVE = YES;
				CLANG_WARN_UNGUARDED_AVAILABILITY = YES_AGGRESSIVE;
				CLANG_WARN_UNREACHABLE_CODE = YES;
				CLANG_WARN__DUPLICATE_METHOD_MATCH = YES;
				COPY_PHASE_STRIP = NO;
				DEBUG_INFORMATION_FORMAT = dwarf;
				ENABLE_STRICT_OBJC_MSGSEND = YES;
				ENABLE_TESTABILITY = YES;
				GCC_C_LANGUAGE_STANDARD = gnu11;
				GCC_DYNAMIC_NO_PIC = NO;
				GCC_NO_COMMON_BLOCKS = YES;
				GCC_OPTIMIZATION_LEVEL = 0;
				GCC_PREPROCESSOR_DEFINITIONS = (
					"DEBUG=1",
					"$(inherited)",
				);
				GCC_WARN_64_TO_32_BIT_CONVERSION = YES;
				GCC_WARN_ABOUT_RETURN_TYPE = YES_ERROR;
				GCC_WARN_UNDECLARED_SELECTOR = YES;
				GCC_WARN_UNINITIALIZED_AUTOS = YES_AGGRESSIVE;
				GCC_WARN_UNUSED_FUNCTION = YES;
				GCC_WARN_UNUSED_VARIABLE = YES;
				IPHONEOS_DEPLOYMENT_TARGET = 14.5;
				MTL_ENABLE_DEBUG_INFO = INCLUDE_SOURCE;
				MTL_FAST_MATH = YES;
				ONLY_ACTIVE_ARCH = YES;
				SDKROOT = iphoneos;
				SWIFT_ACTIVE_COMPILATION_CONDITIONS = DEBUG;
				SWIFT_OPTIMIZATION_LEVEL = "-Onone";
			};
			name = Debug;
		};
		ABE095AF26E332310045B88F /* Release */ = {
			isa = XCBuildConfiguration;
			buildSettings = {
				ALWAYS_SEARCH_USER_PATHS = NO;
				CLANG_ANALYZER_NONNULL = YES;
				CLANG_ANALYZER_NUMBER_OBJECT_CONVERSION = YES_AGGRESSIVE;
				CLANG_CXX_LANGUAGE_STANDARD = "gnu++14";
				CLANG_CXX_LIBRARY = "libc++";
				CLANG_ENABLE_MODULES = YES;
				CLANG_ENABLE_OBJC_ARC = YES;
				CLANG_ENABLE_OBJC_WEAK = YES;
				CLANG_WARN_BLOCK_CAPTURE_AUTORELEASING = YES;
				CLANG_WARN_BOOL_CONVERSION = YES;
				CLANG_WARN_COMMA = YES;
				CLANG_WARN_CONSTANT_CONVERSION = YES;
				CLANG_WARN_DEPRECATED_OBJC_IMPLEMENTATIONS = YES;
				CLANG_WARN_DIRECT_OBJC_ISA_USAGE = YES_ERROR;
				CLANG_WARN_DOCUMENTATION_COMMENTS = YES;
				CLANG_WARN_EMPTY_BODY = YES;
				CLANG_WARN_ENUM_CONVERSION = YES;
				CLANG_WARN_INFINITE_RECURSION = YES;
				CLANG_WARN_INT_CONVERSION = YES;
				CLANG_WARN_NON_LITERAL_NULL_CONVERSION = YES;
				CLANG_WARN_OBJC_IMPLICIT_RETAIN_SELF = YES;
				CLANG_WARN_OBJC_LITERAL_CONVERSION = YES;
				CLANG_WARN_OBJC_ROOT_CLASS = YES_ERROR;
				CLANG_WARN_QUOTED_INCLUDE_IN_FRAMEWORK_HEADER = YES;
				CLANG_WARN_RANGE_LOOP_ANALYSIS = YES;
				CLANG_WARN_STRICT_PROTOTYPES = YES;
				CLANG_WARN_SUSPICIOUS_MOVE = YES;
				CLANG_WARN_UNGUARDED_AVAILABILITY = YES_AGGRESSIVE;
				CLANG_WARN_UNREACHABLE_CODE = YES;
				CLANG_WARN__DUPLICATE_METHOD_MATCH = YES;
				COPY_PHASE_STRIP = NO;
				DEBUG_INFORMATION_FORMAT = "dwarf-with-dsym";
				ENABLE_NS_ASSERTIONS = NO;
				ENABLE_STRICT_OBJC_MSGSEND = YES;
				GCC_C_LANGUAGE_STANDARD = gnu11;
				GCC_NO_COMMON_BLOCKS = YES;
				GCC_WARN_64_TO_32_BIT_CONVERSION = YES;
				GCC_WARN_ABOUT_RETURN_TYPE = YES_ERROR;
				GCC_WARN_UNDECLARED_SELECTOR = YES;
				GCC_WARN_UNINITIALIZED_AUTOS = YES_AGGRESSIVE;
				GCC_WARN_UNUSED_FUNCTION = YES;
				GCC_WARN_UNUSED_VARIABLE = YES;
				IPHONEOS_DEPLOYMENT_TARGET = 14.5;
				MTL_ENABLE_DEBUG_INFO = NO;
				MTL_FAST_MATH = YES;
				SDKROOT = iphoneos;
				SWIFT_COMPILATION_MODE = wholemodule;
				SWIFT_OPTIMIZATION_LEVEL = "-O";
				VALIDATE_PRODUCT = YES;
			};
			name = Release;
		};
		ABE095B126E332310045B88F /* Debug */ = {
			isa = XCBuildConfiguration;
			buildSettings = {
				ASSETCATALOG_COMPILER_APPICON_NAME = AppIcon;
				ASSETCATALOG_COMPILER_GLOBAL_ACCENT_COLOR_NAME = AccentColor;
				CODE_SIGN_STYLE = Automatic;
				DEVELOPMENT_TEAM = 6M8DMFG46L;
				INFOPLIST_FILE = myChatPractice/Info.plist;
				LD_RUNPATH_SEARCH_PATHS = (
					"$(inherited)",
					"@executable_path/Frameworks",
				);
				PRODUCT_BUNDLE_IDENTIFIER = SamuelJeong.myChatPractice;
				PRODUCT_NAME = "$(TARGET_NAME)";
				SWIFT_VERSION = 5.0;
				TARGETED_DEVICE_FAMILY = "1,2";
			};
			name = Debug;
		};
		ABE095B226E332310045B88F /* Release */ = {
			isa = XCBuildConfiguration;
			buildSettings = {
				ASSETCATALOG_COMPILER_APPICON_NAME = AppIcon;
				ASSETCATALOG_COMPILER_GLOBAL_ACCENT_COLOR_NAME = AccentColor;
				CODE_SIGN_STYLE = Automatic;
				DEVELOPMENT_TEAM = 6M8DMFG46L;
				INFOPLIST_FILE = myChatPractice/Info.plist;
				LD_RUNPATH_SEARCH_PATHS = (
					"$(inherited)",
					"@executable_path/Frameworks",
				);
				PRODUCT_BUNDLE_IDENTIFIER = SamuelJeong.myChatPractice;
				PRODUCT_NAME = "$(TARGET_NAME)";
				SWIFT_VERSION = 5.0;
				TARGETED_DEVICE_FAMILY = "1,2";
			};
			name = Release;
		};
/* End XCBuildConfiguration section */

/* Begin XCConfigurationList section */
		ABE0959726E3322E0045B88F /* Build configuration list for PBXProject "myChatPractice" */ = {
			isa = XCConfigurationList;
			buildConfigurations = (
				ABE095AE26E332310045B88F /* Debug */,
				ABE095AF26E332310045B88F /* Release */,
			);
			defaultConfigurationIsVisible = 0;
			defaultConfigurationName = Release;
		};
		ABE095B026E332310045B88F /* Build configuration list for PBXNativeTarget "myChatPractice" */ = {
			isa = XCConfigurationList;
			buildConfigurations = (
				ABE095B126E332310045B88F /* Debug */,
				ABE095B226E332310045B88F /* Release */,
			);
			defaultConfigurationIsVisible = 0;
			defaultConfigurationName = Release;
		};
/* End XCConfigurationList section */
	};
	rootObject = ABE0959426E3322E0045B88F /* Project object */;
}
