// !$*UTF8*$!
{
	archiveVersion = 1;
	classes = {
	};
	objectVersion = 50;
	objects = {

/* Begin PBXBuildFile section */
		AB1B869E26F706CE001A5910 /* AppDelegate.swift in Sources */ = {isa = PBXBuildFile; fileRef = AB1B869D26F706CE001A5910 /* AppDelegate.swift */; };
		AB1B86A026F706CE001A5910 /* SceneDelegate.swift in Sources */ = {isa = PBXBuildFile; fileRef = AB1B869F26F706CE001A5910 /* SceneDelegate.swift */; };
		AB1B86A226F706CE001A5910 /* ContentView.swift in Sources */ = {isa = PBXBuildFile; fileRef = AB1B86A126F706CE001A5910 /* ContentView.swift */; };
		AB1B86A426F706D2001A5910 /* Assets.xcassets in Resources */ = {isa = PBXBuildFile; fileRef = AB1B86A326F706D2001A5910 /* Assets.xcassets */; };
		AB1B86A726F706D2001A5910 /* Preview Assets.xcassets in Resources */ = {isa = PBXBuildFile; fileRef = AB1B86A626F706D2001A5910 /* Preview Assets.xcassets */; };
		AB1B86AA26F706D2001A5910 /* LaunchScreen.storyboard in Resources */ = {isa = PBXBuildFile; fileRef = AB1B86A826F706D2001A5910 /* LaunchScreen.storyboard */; };
		AB1B86B226F9928B001A5910 /* CircleImage.swift in Sources */ = {isa = PBXBuildFile; fileRef = AB1B86B126F9928B001A5910 /* CircleImage.swift */; };
		AB1B86B526F99494001A5910 /* MapView.swift in Sources */ = {isa = PBXBuildFile; fileRef = AB1B86B426F99494001A5910 /* MapView.swift */; };
		AB27D2FF270D5EAE0062F60D /* Landmark.swift in Sources */ = {isa = PBXBuildFile; fileRef = AB27D2FE270D5EAE0062F60D /* Landmark.swift */; };
		AB27D304270D5F170062F60D /* landmarkData.json in Resources */ = {isa = PBXBuildFile; fileRef = AB27D303270D5F170062F60D /* landmarkData.json */; };
/* End PBXBuildFile section */

/* Begin PBXFileReference section */
		AB1B869A26F706CE001A5910 /* LandMarks.app */ = {isa = PBXFileReference; explicitFileType = wrapper.application; includeInIndex = 0; path = LandMarks.app; sourceTree = BUILT_PRODUCTS_DIR; };
		AB1B869D26F706CE001A5910 /* AppDelegate.swift */ = {isa = PBXFileReference; lastKnownFileType = sourcecode.swift; path = AppDelegate.swift; sourceTree = "<group>"; };
		AB1B869F26F706CE001A5910 /* SceneDelegate.swift */ = {isa = PBXFileReference; lastKnownFileType = sourcecode.swift; path = SceneDelegate.swift; sourceTree = "<group>"; };
		AB1B86A126F706CE001A5910 /* ContentView.swift */ = {isa = PBXFileReference; lastKnownFileType = sourcecode.swift; path = ContentView.swift; sourceTree = "<group>"; };
		AB1B86A326F706D2001A5910 /* Assets.xcassets */ = {isa = PBXFileReference; lastKnownFileType = folder.assetcatalog; path = Assets.xcassets; sourceTree = "<group>"; };
		AB1B86A626F706D2001A5910 /* Preview Assets.xcassets */ = {isa = PBXFileReference; lastKnownFileType = folder.assetcatalog; path = "Preview Assets.xcassets"; sourceTree = "<group>"; };
		AB1B86A926F706D2001A5910 /* Base */ = {isa = PBXFileReference; lastKnownFileType = file.storyboard; name = Base; path = Base.lproj/LaunchScreen.storyboard; sourceTree = "<group>"; };
		AB1B86AB26F706D2001A5910 /* Info.plist */ = {isa = PBXFileReference; lastKnownFileType = text.plist.xml; path = Info.plist; sourceTree = "<group>"; };
		AB1B86B126F9928B001A5910 /* CircleImage.swift */ = {isa = PBXFileReference; lastKnownFileType = sourcecode.swift; path = CircleImage.swift; sourceTree = "<group>"; };
		AB1B86B426F99494001A5910 /* MapView.swift */ = {isa = PBXFileReference; lastKnownFileType = sourcecode.swift; path = MapView.swift; sourceTree = "<group>"; };
		AB27D2FE270D5EAE0062F60D /* Landmark.swift */ = {isa = PBXFileReference; lastKnownFileType = sourcecode.swift; path = Landmark.swift; sourceTree = "<group>"; };
		AB27D303270D5F170062F60D /* landmarkData.json */ = {isa = PBXFileReference; fileEncoding = 4; lastKnownFileType = text.json; name = landmarkData.json; path = ../../../BuildingListsAndNavigation/StartingPoint/Landmarks/Resources/landmarkData.json; sourceTree = "<group>"; };
/* End PBXFileReference section */

/* Begin PBXFrameworksBuildPhase section */
		AB1B869726F706CE001A5910 /* Frameworks */ = {
			isa = PBXFrameworksBuildPhase;
			buildActionMask = 2147483647;
			files = (
			);
			runOnlyForDeploymentPostprocessing = 0;
		};
/* End PBXFrameworksBuildPhase section */

/* Begin PBXGroup section */
		AB1B869126F706CE001A5910 = {
			isa = PBXGroup;
			children = (
				AB1B869C26F706CE001A5910 /* LandMarks */,
				AB1B869B26F706CE001A5910 /* Products */,
			);
			sourceTree = "<group>";
		};
		AB1B869B26F706CE001A5910 /* Products */ = {
			isa = PBXGroup;
			children = (
				AB1B869A26F706CE001A5910 /* LandMarks.app */,
			);
			name = Products;
			sourceTree = "<group>";
		};
		AB1B869C26F706CE001A5910 /* LandMarks */ = {
			isa = PBXGroup;
			children = (
				AB1B869D26F706CE001A5910 /* AppDelegate.swift */,
				AB1B869F26F706CE001A5910 /* SceneDelegate.swift */,
				AB27D302270D5ED50062F60D /* Resources */,
				AB27D300270D5EB50062F60D /* Model */,
				AB1B86B326F992DF001A5910 /* View */,
				AB1B86A326F706D2001A5910 /* Assets.xcassets */,
				AB1B86A826F706D2001A5910 /* LaunchScreen.storyboard */,
				AB1B86AB26F706D2001A5910 /* Info.plist */,
				AB1B86A526F706D2001A5910 /* Preview Content */,
			);
			path = LandMarks;
			sourceTree = "<group>";
		};
		AB1B86A526F706D2001A5910 /* Preview Content */ = {
			isa = PBXGroup;
			children = (
				AB1B86A626F706D2001A5910 /* Preview Assets.xcassets */,
			);
			path = "Preview Content";
			sourceTree = "<group>";
		};
		AB1B86B326F992DF001A5910 /* View */ = {
			isa = PBXGroup;
			children = (
				AB1B86A126F706CE001A5910 /* ContentView.swift */,
				AB1B86B126F9928B001A5910 /* CircleImage.swift */,
				AB1B86B426F99494001A5910 /* MapView.swift */,
			);
			path = View;
			sourceTree = "<group>";
		};
		AB27D300270D5EB50062F60D /* Model */ = {
			isa = PBXGroup;
			children = (
				AB27D2FE270D5EAE0062F60D /* Landmark.swift */,
			);
			path = Model;
			sourceTree = "<group>";
		};
		AB27D302270D5ED50062F60D /* Resources */ = {
			isa = PBXGroup;
			children = (
				AB27D303270D5F170062F60D /* landmarkData.json */,
			);
			path = Resources;
			sourceTree = "<group>";
		};
/* End PBXGroup section */

/* Begin PBXNativeTarget section */
		AB1B869926F706CE001A5910 /* LandMarks */ = {
			isa = PBXNativeTarget;
			buildConfigurationList = AB1B86AE26F706D2001A5910 /* Build configuration list for PBXNativeTarget "LandMarks" */;
			buildPhases = (
				AB1B869626F706CE001A5910 /* Sources */,
				AB1B869726F706CE001A5910 /* Frameworks */,
				AB1B869826F706CE001A5910 /* Resources */,
			);
			buildRules = (
			);
			dependencies = (
			);
			name = LandMarks;
			productName = LandMarks;
			productReference = AB1B869A26F706CE001A5910 /* LandMarks.app */;
			productType = "com.apple.product-type.application";
		};
/* End PBXNativeTarget section */

/* Begin PBXProject section */
		AB1B869226F706CE001A5910 /* Project object */ = {
			isa = PBXProject;
			attributes = {
				LastSwiftUpdateCheck = 1250;
				LastUpgradeCheck = 1250;
				TargetAttributes = {
					AB1B869926F706CE001A5910 = {
						CreatedOnToolsVersion = 12.5.1;
					};
				};
			};
			buildConfigurationList = AB1B869526F706CE001A5910 /* Build configuration list for PBXProject "LandMarks" */;
			compatibilityVersion = "Xcode 9.3";
			developmentRegion = en;
			hasScannedForEncodings = 0;
			knownRegions = (
				en,
				Base,
			);
			mainGroup = AB1B869126F706CE001A5910;
			productRefGroup = AB1B869B26F706CE001A5910 /* Products */;
			projectDirPath = "";
			projectRoot = "";
			targets = (
				AB1B869926F706CE001A5910 /* LandMarks */,
			);
		};
/* End PBXProject section */

/* Begin PBXResourcesBuildPhase section */
		AB1B869826F706CE001A5910 /* Resources */ = {
			isa = PBXResourcesBuildPhase;
			buildActionMask = 2147483647;
			files = (
				AB1B86AA26F706D2001A5910 /* LaunchScreen.storyboard in Resources */,
				AB27D304270D5F170062F60D /* landmarkData.json in Resources */,
				AB1B86A726F706D2001A5910 /* Preview Assets.xcassets in Resources */,
				AB1B86A426F706D2001A5910 /* Assets.xcassets in Resources */,
			);
			runOnlyForDeploymentPostprocessing = 0;
		};
/* End PBXResourcesBuildPhase section */

/* Begin PBXSourcesBuildPhase section */
		AB1B869626F706CE001A5910 /* Sources */ = {
			isa = PBXSourcesBuildPhase;
			buildActionMask = 2147483647;
			files = (
				AB1B869E26F706CE001A5910 /* AppDelegate.swift in Sources */,
				AB1B86B226F9928B001A5910 /* CircleImage.swift in Sources */,
				AB1B86B526F99494001A5910 /* MapView.swift in Sources */,
				AB1B86A026F706CE001A5910 /* SceneDelegate.swift in Sources */,
				AB1B86A226F706CE001A5910 /* ContentView.swift in Sources */,
				AB27D2FF270D5EAE0062F60D /* Landmark.swift in Sources */,
			);
			runOnlyForDeploymentPostprocessing = 0;
		};
/* End PBXSourcesBuildPhase section */

/* Begin PBXVariantGroup section */
		AB1B86A826F706D2001A5910 /* LaunchScreen.storyboard */ = {
			isa = PBXVariantGroup;
			children = (
				AB1B86A926F706D2001A5910 /* Base */,
			);
			name = LaunchScreen.storyboard;
			sourceTree = "<group>";
		};
/* End PBXVariantGroup section */

/* Begin XCBuildConfiguration section */
		AB1B86AC26F706D2001A5910 /* Debug */ = {
			isa = XCBuildConfiguration;
			buildSettings = {
				ALWAYS_SEARCH_USER_PATHS = NO;
				CLANG_ANALYZER_NONNULL = YES;
				CLANG_ANALYZER_NUMBER_OBJECT_CONVERSION = YES_AGGRESSIVE;
				CLANG_CXX_LANGUAGE_STANDARD = "gnu++14";
				CLANG_CXX_LIBRARY = "libc++";
				CLANG_ENABLE_MODULES = YES;
				CLANG_ENABLE_OBJC_ARC = YES;
				CLANG_ENABLE_OBJC_WEAK = YES;
				CLANG_WARN_BLOCK_CAPTURE_AUTORELEASING = YES;
				CLANG_WARN_BOOL_CONVERSION = YES;
				CLANG_WARN_COMMA = YES;
				CLANG_WARN_CONSTANT_CONVERSION = YES;
				CLANG_WARN_DEPRECATED_OBJC_IMPLEMENTATIONS = YES;
				CLANG_WARN_DIRECT_OBJC_ISA_USAGE = YES_ERROR;
				CLANG_WARN_DOCUMENTATION_COMMENTS = YES;
				CLANG_WARN_EMPTY_BODY = YES;
				CLANG_WARN_ENUM_CONVERSION = YES;
				CLANG_WARN_INFINITE_RECURSION = YES;
				CLANG_WARN_INT_CONVERSION = YES;
				CLANG_WARN_NON_LITERAL_NULL_CONVERSION = YES;
				CLANG_WARN_OBJC_IMPLICIT_RETAIN_SELF = YES;
				CLANG_WARN_OBJC_LITERAL_CONVERSION = YES;
				CLANG_WARN_OBJC_ROOT_CLASS = YES_ERROR;
				CLANG_WARN_QUOTED_INCLUDE_IN_FRAMEWORK_HEADER = YES;
				CLANG_WARN_RANGE_LOOP_ANALYSIS = YES;
				CLANG_WARN_STRICT_PROTOTYPES = YES;
				CLANG_WARN_SUSPICIOUS_MOVE = YES;
				CLANG_WARN_UNGUARDED_AVAILABILITY = YES_AGGRESSIVE;
				CLANG_WARN_UNREACHABLE_CODE = YES;
				CLANG_WARN__DUPLICATE_METHOD_MATCH = YES;
				COPY_PHASE_STRIP = NO;
				DEBUG_INFORMATION_FORMAT = dwarf;
				ENABLE_STRICT_OBJC_MSGSEND = YES;
				ENABLE_TESTABILITY = YES;
				GCC_C_LANGUAGE_STANDARD = gnu11;
				GCC_DYNAMIC_NO_PIC = NO;
				GCC_NO_COMMON_BLOCKS = YES;
				GCC_OPTIMIZATION_LEVEL = 0;
				GCC_PREPROCESSOR_DEFINITIONS = (
					"DEBUG=1",
					"$(inherited)",
				);
				GCC_WARN_64_TO_32_BIT_CONVERSION = YES;
				GCC_WARN_ABOUT_RETURN_TYPE = YES_ERROR;
				GCC_WARN_UNDECLARED_SELECTOR = YES;
				GCC_WARN_UNINITIALIZED_AUTOS = YES_AGGRESSIVE;
				GCC_WARN_UNUSED_FUNCTION = YES;
				GCC_WARN_UNUSED_VARIABLE = YES;
				IPHONEOS_DEPLOYMENT_TARGET = 14.5;
				MTL_ENABLE_DEBUG_INFO = INCLUDE_SOURCE;
				MTL_FAST_MATH = YES;
				ONLY_ACTIVE_ARCH = YES;
				SDKROOT = iphoneos;
				SWIFT_ACTIVE_COMPILATION_CONDITIONS = DEBUG;
				SWIFT_OPTIMIZATION_LEVEL = "-Onone";
			};
			name = Debug;
		};
		AB1B86AD26F706D2001A5910 /* Release */ = {
			isa = XCBuildConfiguration;
			buildSettings = {
				ALWAYS_SEARCH_USER_PATHS = NO;
				CLANG_ANALYZER_NONNULL = YES;
				CLANG_ANALYZER_NUMBER_OBJECT_CONVERSION = YES_AGGRESSIVE;
				CLANG_CXX_LANGUAGE_STANDARD = "gnu++14";
				CLANG_CXX_LIBRARY = "libc++";
				CLANG_ENABLE_MODULES = YES;
				CLANG_ENABLE_OBJC_ARC = YES;
				CLANG_ENABLE_OBJC_WEAK = YES;
				CLANG_WARN_BLOCK_CAPTURE_AUTORELEASING = YES;
				CLANG_WARN_BOOL_CONVERSION = YES;
				CLANG_WARN_COMMA = YES;
				CLANG_WARN_CONSTANT_CONVERSION = YES;
				CLANG_WARN_DEPRECATED_OBJC_IMPLEMENTATIONS = YES;
				CLANG_WARN_DIRECT_OBJC_ISA_USAGE = YES_ERROR;
				CLANG_WARN_DOCUMENTATION_COMMENTS = YES;
				CLANG_WARN_EMPTY_BODY = YES;
				CLANG_WARN_ENUM_CONVERSION = YES;
				CLANG_WARN_INFINITE_RECURSION = YES;
				CLANG_WARN_INT_CONVERSION = YES;
				CLANG_WARN_NON_LITERAL_NULL_CONVERSION = YES;
				CLANG_WARN_OBJC_IMPLICIT_RETAIN_SELF = YES;
				CLANG_WARN_OBJC_LITERAL_CONVERSION = YES;
				CLANG_WARN_OBJC_ROOT_CLASS = YES_ERROR;
				CLANG_WARN_QUOTED_INCLUDE_IN_FRAMEWORK_HEADER = YES;
				CLANG_WARN_RANGE_LOOP_ANALYSIS = YES;
				CLANG_WARN_STRICT_PROTOTYPES = YES;
				CLANG_WARN_SUSPICIOUS_MOVE = YES;
				CLANG_WARN_UNGUARDED_AVAILABILITY = YES_AGGRESSIVE;
				CLANG_WARN_UNREACHABLE_CODE = YES;
				CLANG_WARN__DUPLICATE_METHOD_MATCH = YES;
				COPY_PHASE_STRIP = NO;
				DEBUG_INFORMATION_FORMAT = "dwarf-with-dsym";
				ENABLE_NS_ASSERTIONS = NO;
				ENABLE_STRICT_OBJC_MSGSEND = YES;
				GCC_C_LANGUAGE_STANDARD = gnu11;
				GCC_NO_COMMON_BLOCKS = YES;
				GCC_WARN_64_TO_32_BIT_CONVERSION = YES;
				GCC_WARN_ABOUT_RETURN_TYPE = YES_ERROR;
				GCC_WARN_UNDECLARED_SELECTOR = YES;
				GCC_WARN_UNINITIALIZED_AUTOS = YES_AGGRESSIVE;
				GCC_WARN_UNUSED_FUNCTION = YES;
				GCC_WARN_UNUSED_VARIABLE = YES;
				IPHONEOS_DEPLOYMENT_TARGET = 14.5;
				MTL_ENABLE_DEBUG_INFO = NO;
				MTL_FAST_MATH = YES;
				SDKROOT = iphoneos;
				SWIFT_COMPILATION_MODE = wholemodule;
				SWIFT_OPTIMIZATION_LEVEL = "-O";
				VALIDATE_PRODUCT = YES;
			};
			name = Release;
		};
		AB1B86AF26F706D2001A5910 /* Debug */ = {
			isa = XCBuildConfiguration;
			buildSettings = {
				ASSETCATALOG_COMPILER_APPICON_NAME = AppIcon;
				ASSETCATALOG_COMPILER_GLOBAL_ACCENT_COLOR_NAME = AccentColor;
				CODE_SIGN_STYLE = Automatic;
				DEVELOPMENT_ASSET_PATHS = "\"LandMarks/Preview Content\"";
				DEVELOPMENT_TEAM = 6M8DMFG46L;
				ENABLE_PREVIEWS = YES;
				INFOPLIST_FILE = LandMarks/Info.plist;
				LD_RUNPATH_SEARCH_PATHS = (
					"$(inherited)",
					"@executable_path/Frameworks",
				);
				PRODUCT_BUNDLE_IDENTIFIER = SamuelJeong.LandMarks;
				PRODUCT_NAME = "$(TARGET_NAME)";
				SWIFT_VERSION = 5.0;
				TARGETED_DEVICE_FAMILY = "1,2";
			};
			name = Debug;
		};
		AB1B86B026F706D2001A5910 /* Release */ = {
			isa = XCBuildConfiguration;
			buildSettings = {
				ASSETCATALOG_COMPILER_APPICON_NAME = AppIcon;
				ASSETCATALOG_COMPILER_GLOBAL_ACCENT_COLOR_NAME = AccentColor;
				CODE_SIGN_STYLE = Automatic;
				DEVELOPMENT_ASSET_PATHS = "\"LandMarks/Preview Content\"";
				DEVELOPMENT_TEAM = 6M8DMFG46L;
				ENABLE_PREVIEWS = YES;
				INFOPLIST_FILE = LandMarks/Info.plist;
				LD_RUNPATH_SEARCH_PATHS = (
					"$(inherited)",
					"@executable_path/Frameworks",
				);
				PRODUCT_BUNDLE_IDENTIFIER = SamuelJeong.LandMarks;
				PRODUCT_NAME = "$(TARGET_NAME)";
				SWIFT_VERSION = 5.0;
				TARGETED_DEVICE_FAMILY = "1,2";
			};
			name = Release;
		};
/* End XCBuildConfiguration section */

/* Begin XCConfigurationList section */
		AB1B869526F706CE001A5910 /* Build configuration list for PBXProject "LandMarks" */ = {
			isa = XCConfigurationList;
			buildConfigurations = (
				AB1B86AC26F706D2001A5910 /* Debug */,
				AB1B86AD26F706D2001A5910 /* Release */,
			);
			defaultConfigurationIsVisible = 0;
			defaultConfigurationName = Release;
		};
		AB1B86AE26F706D2001A5910 /* Build configuration list for PBXNativeTarget "LandMarks" */ = {
			isa = XCConfigurationList;
			buildConfigurations = (
				AB1B86AF26F706D2001A5910 /* Debug */,
				AB1B86B026F706D2001A5910 /* Release */,
			);
			defaultConfigurationIsVisible = 0;
			defaultConfigurationName = Release;
		};
/* End XCConfigurationList section */
	};
	rootObject = AB1B869226F706CE001A5910 /* Project object */;
}
