// !$*UTF8*$!
{
	archiveVersion = 1;
	classes = {
	};
	objectVersion = 55;
	objects = {

/* Begin PBXBuildFile section */
		AB41BB9F273250D300C928DD /* NetworkManager.swift in Sources */ = {isa = PBXBuildFile; fileRef = AB41BB9E273250D300C928DD /* NetworkManager.swift */; };
		AB41BBA22733B57800C928DD /* Post.swift in Sources */ = {isa = PBXBuildFile; fileRef = AB41BBA12733B57800C928DD /* Post.swift */; };
		AB8326B4274244DB0050B9DD /* DetailView.swift in Sources */ = {isa = PBXBuildFile; fileRef = AB8326B3274244DB0050B9DD /* DetailView.swift */; };
		AB8326B8274354350050B9DD /* WebView.swift in Sources */ = {isa = PBXBuildFile; fileRef = AB8326B7274354350050B9DD /* WebView.swift */; };
		ABDFCE85272BB8CB0007E14B /* News_API_APPApp.swift in Sources */ = {isa = PBXBuildFile; fileRef = ABDFCE84272BB8CB0007E14B /* News_API_APPApp.swift */; };
		ABDFCE87272BB8CB0007E14B /* ContentView.swift in Sources */ = {isa = PBXBuildFile; fileRef = ABDFCE86272BB8CB0007E14B /* ContentView.swift */; };
		ABDFCE89272BB8D00007E14B /* Assets.xcassets in Resources */ = {isa = PBXBuildFile; fileRef = ABDFCE88272BB8D00007E14B /* Assets.xcassets */; };
		ABDFCE8C272BB8D00007E14B /* Preview Assets.xcassets in Resources */ = {isa = PBXBuildFile; fileRef = ABDFCE8B272BB8D00007E14B /* Preview Assets.xcassets */; };
/* End PBXBuildFile section */

/* Begin PBXFileReference section */
		AB41BB9E273250D300C928DD /* NetworkManager.swift */ = {isa = PBXFileReference; lastKnownFileType = sourcecode.swift; path = NetworkManager.swift; sourceTree = "<group>"; };
		AB41BBA12733B57800C928DD /* Post.swift */ = {isa = PBXFileReference; lastKnownFileType = sourcecode.swift; path = Post.swift; sourceTree = "<group>"; };
		AB8326B3274244DB0050B9DD /* DetailView.swift */ = {isa = PBXFileReference; lastKnownFileType = sourcecode.swift; path = DetailView.swift; sourceTree = "<group>"; };
		AB8326B7274354350050B9DD /* WebView.swift */ = {isa = PBXFileReference; lastKnownFileType = sourcecode.swift; path = WebView.swift; sourceTree = "<group>"; };
		AB8326B9274356980050B9DD /* News_API_APP.entitlements */ = {isa = PBXFileReference; lastKnownFileType = text.plist.entitlements; path = News_API_APP.entitlements; sourceTree = "<group>"; };
		ABDFCE81272BB8CB0007E14B /* News_API_APP.app */ = {isa = PBXFileReference; explicitFileType = wrapper.application; includeInIndex = 0; path = News_API_APP.app; sourceTree = BUILT_PRODUCTS_DIR; };
		ABDFCE84272BB8CB0007E14B /* News_API_APPApp.swift */ = {isa = PBXFileReference; lastKnownFileType = sourcecode.swift; path = News_API_APPApp.swift; sourceTree = "<group>"; };
		ABDFCE86272BB8CB0007E14B /* ContentView.swift */ = {isa = PBXFileReference; lastKnownFileType = sourcecode.swift; path = ContentView.swift; sourceTree = "<group>"; };
		ABDFCE88272BB8D00007E14B /* Assets.xcassets */ = {isa = PBXFileReference; lastKnownFileType = folder.assetcatalog; path = Assets.xcassets; sourceTree = "<group>"; };
		ABDFCE8B272BB8D00007E14B /* Preview Assets.xcassets */ = {isa = PBXFileReference; lastKnownFileType = folder.assetcatalog; path = "Preview Assets.xcassets"; sourceTree = "<group>"; };
/* End PBXFileReference section */

/* Begin PBXFrameworksBuildPhase section */
		ABDFCE7E272BB8CB0007E14B /* Frameworks */ = {
			isa = PBXFrameworksBuildPhase;
			buildActionMask = 2147483647;
			files = (
			);
			runOnlyForDeploymentPostprocessing = 0;
		};
/* End PBXFrameworksBuildPhase section */

/* Begin PBXGroup section */
		AB41BBA0273250DE00C928DD /* Model */ = {
			isa = PBXGroup;
			children = (
				AB41BB9E273250D300C928DD /* NetworkManager.swift */,
				AB41BBA12733B57800C928DD /* Post.swift */,
			);
			path = Model;
			sourceTree = "<group>";
		};
		AB8326B2274244BA0050B9DD /* Views */ = {
			isa = PBXGroup;
			children = (
				ABDFCE86272BB8CB0007E14B /* ContentView.swift */,
				AB8326B3274244DB0050B9DD /* DetailView.swift */,
				AB8326B7274354350050B9DD /* WebView.swift */,
			);
			path = Views;
			sourceTree = "<group>";
		};
		ABDFCE78272BB8CB0007E14B = {
			isa = PBXGroup;
			children = (
				ABDFCE83272BB8CB0007E14B /* News_API_APP */,
				ABDFCE82272BB8CB0007E14B /* Products */,
			);
			sourceTree = "<group>";
		};
		ABDFCE82272BB8CB0007E14B /* Products */ = {
			isa = PBXGroup;
			children = (
				ABDFCE81272BB8CB0007E14B /* News_API_APP.app */,
			);
			name = Products;
			sourceTree = "<group>";
		};
		ABDFCE83272BB8CB0007E14B /* News_API_APP */ = {
			isa = PBXGroup;
			children = (
				AB8326B9274356980050B9DD /* News_API_APP.entitlements */,
				ABDFCE84272BB8CB0007E14B /* News_API_APPApp.swift */,
				AB8326B2274244BA0050B9DD /* Views */,
				AB41BBA0273250DE00C928DD /* Model */,
				ABDFCE88272BB8D00007E14B /* Assets.xcassets */,
				ABDFCE8A272BB8D00007E14B /* Preview Content */,
			);
			path = News_API_APP;
			sourceTree = "<group>";
		};
		ABDFCE8A272BB8D00007E14B /* Preview Content */ = {
			isa = PBXGroup;
			children = (
				ABDFCE8B272BB8D00007E14B /* Preview Assets.xcassets */,
			);
			path = "Preview Content";
			sourceTree = "<group>";
		};
/* End PBXGroup section */

/* Begin PBXNativeTarget section */
		ABDFCE80272BB8CB0007E14B /* News_API_APP */ = {
			isa = PBXNativeTarget;
			buildConfigurationList = ABDFCE8F272BB8D00007E14B /* Build configuration list for PBXNativeTarget "News_API_APP" */;
			buildPhases = (
				ABDFCE7D272BB8CB0007E14B /* Sources */,
				ABDFCE7E272BB8CB0007E14B /* Frameworks */,
				ABDFCE7F272BB8CB0007E14B /* Resources */,
			);
			buildRules = (
			);
			dependencies = (
			);
			name = News_API_APP;
			productName = News_API_APP;
			productReference = ABDFCE81272BB8CB0007E14B /* News_API_APP.app */;
			productType = "com.apple.product-type.application";
		};
/* End PBXNativeTarget section */

/* Begin PBXProject section */
		ABDFCE79272BB8CB0007E14B /* Project object */ = {
			isa = PBXProject;
			attributes = {
				BuildIndependentTargetsInParallel = 1;
				LastSwiftUpdateCheck = 1310;
				LastUpgradeCheck = 1310;
				TargetAttributes = {
					ABDFCE80272BB8CB0007E14B = {
						CreatedOnToolsVersion = 13.1;
					};
				};
			};
			buildConfigurationList = ABDFCE7C272BB8CB0007E14B /* Build configuration list for PBXProject "News_API_APP" */;
			compatibilityVersion = "Xcode 13.0";
			developmentRegion = en;
			hasScannedForEncodings = 0;
			knownRegions = (
				en,
				Base,
			);
			mainGroup = ABDFCE78272BB8CB0007E14B;
			productRefGroup = ABDFCE82272BB8CB0007E14B /* Products */;
			projectDirPath = "";
			projectRoot = "";
			targets = (
				ABDFCE80272BB8CB0007E14B /* News_API_APP */,
			);
		};
/* End PBXProject section */

/* Begin PBXResourcesBuildPhase section */
		ABDFCE7F272BB8CB0007E14B /* Resources */ = {
			isa = PBXResourcesBuildPhase;
			buildActionMask = 2147483647;
			files = (
				ABDFCE8C272BB8D00007E14B /* Preview Assets.xcassets in Resources */,
				ABDFCE89272BB8D00007E14B /* Assets.xcassets in Resources */,
			);
			runOnlyForDeploymentPostprocessing = 0;
		};
/* End PBXResourcesBuildPhase section */

/* Begin PBXSourcesBuildPhase section */
		ABDFCE7D272BB8CB0007E14B /* Sources */ = {
			isa = PBXSourcesBuildPhase;
			buildActionMask = 2147483647;
			files = (
				AB41BB9F273250D300C928DD /* NetworkManager.swift in Sources */,
				ABDFCE87272BB8CB0007E14B /* ContentView.swift in Sources */,
				ABDFCE85272BB8CB0007E14B /* News_API_APPApp.swift in Sources */,
				AB8326B8274354350050B9DD /* WebView.swift in Sources */,
				AB8326B4274244DB0050B9DD /* DetailView.swift in Sources */,
				AB41BBA22733B57800C928DD /* Post.swift in Sources */,
			);
			runOnlyForDeploymentPostprocessing = 0;
		};
/* End PBXSourcesBuildPhase section */

/* Begin XCBuildConfiguration section */
		ABDFCE8D272BB8D00007E14B /* Debug */ = {
			isa = XCBuildConfiguration;
			buildSettings = {
				ALWAYS_SEARCH_USER_PATHS = NO;
				CLANG_ANALYZER_NONNULL = YES;
				CLANG_ANALYZER_NUMBER_OBJECT_CONVERSION = YES_AGGRESSIVE;
				CLANG_CXX_LANGUAGE_STANDARD = "gnu++17";
				CLANG_CXX_LIBRARY = "libc++";
				CLANG_ENABLE_MODULES = YES;
				CLANG_ENABLE_OBJC_ARC = YES;
				CLANG_ENABLE_OBJC_WEAK = YES;
				CLANG_WARN_BLOCK_CAPTURE_AUTORELEASING = YES;
				CLANG_WARN_BOOL_CONVERSION = YES;
				CLANG_WARN_COMMA = YES;
				CLANG_WARN_CONSTANT_CONVERSION = YES;
				CLANG_WARN_DEPRECATED_OBJC_IMPLEMENTATIONS = YES;
				CLANG_WARN_DIRECT_OBJC_ISA_USAGE = YES_ERROR;
				CLANG_WARN_DOCUMENTATION_COMMENTS = YES;
				CLANG_WARN_EMPTY_BODY = YES;
				CLANG_WARN_ENUM_CONVERSION = YES;
				CLANG_WARN_INFINITE_RECURSION = YES;
				CLANG_WARN_INT_CONVERSION = YES;
				CLANG_WARN_NON_LITERAL_NULL_CONVERSION = YES;
				CLANG_WARN_OBJC_IMPLICIT_RETAIN_SELF = YES;
				CLANG_WARN_OBJC_LITERAL_CONVERSION = YES;
				CLANG_WARN_OBJC_ROOT_CLASS = YES_ERROR;
				CLANG_WARN_QUOTED_INCLUDE_IN_FRAMEWORK_HEADER = YES;
				CLANG_WARN_RANGE_LOOP_ANALYSIS = YES;
				CLANG_WARN_STRICT_PROTOTYPES = YES;
				CLANG_WARN_SUSPICIOUS_MOVE = YES;
				CLANG_WARN_UNGUARDED_AVAILABILITY = YES_AGGRESSIVE;
				CLANG_WARN_UNREACHABLE_CODE = YES;
				CLANG_WARN__DUPLICATE_METHOD_MATCH = YES;
				COPY_PHASE_STRIP = NO;
				DEBUG_INFORMATION_FORMAT = dwarf;
				ENABLE_STRICT_OBJC_MSGSEND = YES;
				ENABLE_TESTABILITY = YES;
				GCC_C_LANGUAGE_STANDARD = gnu11;
				GCC_DYNAMIC_NO_PIC = NO;
				GCC_NO_COMMON_BLOCKS = YES;
				GCC_OPTIMIZATION_LEVEL = 0;
				GCC_PREPROCESSOR_DEFINITIONS = (
					"DEBUG=1",
					"$(inherited)",
				);
				GCC_WARN_64_TO_32_BIT_CONVERSION = YES;
				GCC_WARN_ABOUT_RETURN_TYPE = YES_ERROR;
				GCC_WARN_UNDECLARED_SELECTOR = YES;
				GCC_WARN_UNINITIALIZED_AUTOS = YES_AGGRESSIVE;
				GCC_WARN_UNUSED_FUNCTION = YES;
				GCC_WARN_UNUSED_VARIABLE = YES;
				IPHONEOS_DEPLOYMENT_TARGET = 15.0;
				MTL_ENABLE_DEBUG_INFO = INCLUDE_SOURCE;
				MTL_FAST_MATH = YES;
				ONLY_ACTIVE_ARCH = YES;
				SDKROOT = iphoneos;
				SWIFT_ACTIVE_COMPILATION_CONDITIONS = DEBUG;
				SWIFT_OPTIMIZATION_LEVEL = "-Onone";
			};
			name = Debug;
		};
		ABDFCE8E272BB8D00007E14B /* Release */ = {
			isa = XCBuildConfiguration;
			buildSettings = {
				ALWAYS_SEARCH_USER_PATHS = NO;
				CLANG_ANALYZER_NONNULL = YES;
				CLANG_ANALYZER_NUMBER_OBJECT_CONVERSION = YES_AGGRESSIVE;
				CLANG_CXX_LANGUAGE_STANDARD = "gnu++17";
				CLANG_CXX_LIBRARY = "libc++";
				CLANG_ENABLE_MODULES = YES;
				CLANG_ENABLE_OBJC_ARC = YES;
				CLANG_ENABLE_OBJC_WEAK = YES;
				CLANG_WARN_BLOCK_CAPTURE_AUTORELEASING = YES;
				CLANG_WARN_BOOL_CONVERSION = YES;
				CLANG_WARN_COMMA = YES;
				CLANG_WARN_CONSTANT_CONVERSION = YES;
				CLANG_WARN_DEPRECATED_OBJC_IMPLEMENTATIONS = YES;
				CLANG_WARN_DIRECT_OBJC_ISA_USAGE = YES_ERROR;
				CLANG_WARN_DOCUMENTATION_COMMENTS = YES;
				CLANG_WARN_EMPTY_BODY = YES;
				CLANG_WARN_ENUM_CONVERSION = YES;
				CLANG_WARN_INFINITE_RECURSION = YES;
				CLANG_WARN_INT_CONVERSION = YES;
				CLANG_WARN_NON_LITERAL_NULL_CONVERSION = YES;
				CLANG_WARN_OBJC_IMPLICIT_RETAIN_SELF = YES;
				CLANG_WARN_OBJC_LITERAL_CONVERSION = YES;
				CLANG_WARN_OBJC_ROOT_CLASS = YES_ERROR;
				CLANG_WARN_QUOTED_INCLUDE_IN_FRAMEWORK_HEADER = YES;
				CLANG_WARN_RANGE_LOOP_ANALYSIS = YES;
				CLANG_WARN_STRICT_PROTOTYPES = YES;
				CLANG_WARN_SUSPICIOUS_MOVE = YES;
				CLANG_WARN_UNGUARDED_AVAILABILITY = YES_AGGRESSIVE;
				CLANG_WARN_UNREACHABLE_CODE = YES;
				CLANG_WARN__DUPLICATE_METHOD_MATCH = YES;
				COPY_PHASE_STRIP = NO;
				DEBUG_INFORMATION_FORMAT = "dwarf-with-dsym";
				ENABLE_NS_ASSERTIONS = NO;
				ENABLE_STRICT_OBJC_MSGSEND = YES;
				GCC_C_LANGUAGE_STANDARD = gnu11;
				GCC_NO_COMMON_BLOCKS = YES;
				GCC_WARN_64_TO_32_BIT_CONVERSION = YES;
				GCC_WARN_ABOUT_RETURN_TYPE = YES_ERROR;
				GCC_WARN_UNDECLARED_SELECTOR = YES;
				GCC_WARN_UNINITIALIZED_AUTOS = YES_AGGRESSIVE;
				GCC_WARN_UNUSED_FUNCTION = YES;
				GCC_WARN_UNUSED_VARIABLE = YES;
				IPHONEOS_DEPLOYMENT_TARGET = 15.0;
				MTL_ENABLE_DEBUG_INFO = NO;
				MTL_FAST_MATH = YES;
				SDKROOT = iphoneos;
				SWIFT_COMPILATION_MODE = wholemodule;
				SWIFT_OPTIMIZATION_LEVEL = "-O";
				VALIDATE_PRODUCT = YES;
			};
			name = Release;
		};
		ABDFCE90272BB8D00007E14B /* Debug */ = {
			isa = XCBuildConfiguration;
			buildSettings = {
				ASSETCATALOG_COMPILER_APPICON_NAME = AppIcon;
				ASSETCATALOG_COMPILER_GLOBAL_ACCENT_COLOR_NAME = AccentColor;
				CODE_SIGN_ENTITLEMENTS = News_API_APP/News_API_APP.entitlements;
				CODE_SIGN_STYLE = Automatic;
				CURRENT_PROJECT_VERSION = 1;
				DEVELOPMENT_ASSET_PATHS = "\"News_API_APP/Preview Content\"";
				DEVELOPMENT_TEAM = 6M8DMFG46L;
				ENABLE_PREVIEWS = YES;
				GENERATE_INFOPLIST_FILE = YES;
				INFOPLIST_KEY_UIApplicationSceneManifest_Generation = YES;
				INFOPLIST_KEY_UIApplicationSupportsIndirectInputEvents = YES;
				INFOPLIST_KEY_UILaunchScreen_Generation = YES;
				INFOPLIST_KEY_UISupportedInterfaceOrientations_iPad = "UIInterfaceOrientationPortrait UIInterfaceOrientationPortraitUpsideDown UIInterfaceOrientationLandscapeLeft UIInterfaceOrientationLandscapeRight";
				INFOPLIST_KEY_UISupportedInterfaceOrientations_iPhone = "UIInterfaceOrientationPortrait UIInterfaceOrientationLandscapeLeft UIInterfaceOrientationLandscapeRight";
				"IPHONEOS_DEPLOYMENT_TARGET[sdk=macosx*]" = 14.5;
				LD_RUNPATH_SEARCH_PATHS = (
					"$(inherited)",
					"@executable_path/Frameworks",
				);
				MARKETING_VERSION = 1.0;
				"OTHER_LDFLAGS[arch=*]" = (
					"-weak_framework",
					SwiftUI,
				);
				PRODUCT_BUNDLE_IDENTIFIER = "SamuelJeong.News-API-APP";
				PRODUCT_NAME = "$(TARGET_NAME)";
				SUPPORTS_MACCATALYST = YES;
				SWIFT_EMIT_LOC_STRINGS = YES;
				SWIFT_VERSION = 5.0;
				TARGETED_DEVICE_FAMILY = "1,2,6";
			};
			name = Debug;
		};
		ABDFCE91272BB8D00007E14B /* Release */ = {
			isa = XCBuildConfiguration;
			buildSettings = {
				ASSETCATALOG_COMPILER_APPICON_NAME = AppIcon;
				ASSETCATALOG_COMPILER_GLOBAL_ACCENT_COLOR_NAME = AccentColor;
				CODE_SIGN_ENTITLEMENTS = News_API_APP/News_API_APP.entitlements;
				CODE_SIGN_STYLE = Automatic;
				CURRENT_PROJECT_VERSION = 1;
				DEVELOPMENT_ASSET_PATHS = "\"News_API_APP/Preview Content\"";
				DEVELOPMENT_TEAM = 6M8DMFG46L;
				ENABLE_PREVIEWS = YES;
				GENERATE_INFOPLIST_FILE = YES;
				INFOPLIST_KEY_UIApplicationSceneManifest_Generation = YES;
				INFOPLIST_KEY_UIApplicationSupportsIndirectInputEvents = YES;
				INFOPLIST_KEY_UILaunchScreen_Generation = YES;
				INFOPLIST_KEY_UISupportedInterfaceOrientations_iPad = "UIInterfaceOrientationPortrait UIInterfaceOrientationPortraitUpsideDown UIInterfaceOrientationLandscapeLeft UIInterfaceOrientationLandscapeRight";
				INFOPLIST_KEY_UISupportedInterfaceOrientations_iPhone = "UIInterfaceOrientationPortrait UIInterfaceOrientationLandscapeLeft UIInterfaceOrientationLandscapeRight";
				"IPHONEOS_DEPLOYMENT_TARGET[sdk=macosx*]" = 14.5;
				LD_RUNPATH_SEARCH_PATHS = (
					"$(inherited)",
					"@executable_path/Frameworks",
				);
				MARKETING_VERSION = 1.0;
				PRODUCT_BUNDLE_IDENTIFIER = "SamuelJeong.News-API-APP";
				PRODUCT_NAME = "$(TARGET_NAME)";
				SUPPORTS_MACCATALYST = YES;
				SWIFT_EMIT_LOC_STRINGS = YES;
				SWIFT_VERSION = 5.0;
				TARGETED_DEVICE_FAMILY = "1,2,6";
			};
			name = Release;
		};
/* End XCBuildConfiguration section */

/* Begin XCConfigurationList section */
		ABDFCE7C272BB8CB0007E14B /* Build configuration list for PBXProject "News_API_APP" */ = {
			isa = XCConfigurationList;
			buildConfigurations = (
				ABDFCE8D272BB8D00007E14B /* Debug */,
				ABDFCE8E272BB8D00007E14B /* Release */,
			);
			defaultConfigurationIsVisible = 0;
			defaultConfigurationName = Release;
		};
		ABDFCE8F272BB8D00007E14B /* Build configuration list for PBXNativeTarget "News_API_APP" */ = {
			isa = XCConfigurationList;
			buildConfigurations = (
				ABDFCE90272BB8D00007E14B /* Debug */,
				ABDFCE91272BB8D00007E14B /* Release */,
			);
			defaultConfigurationIsVisible = 0;
			defaultConfigurationName = Release;
		};
/* End XCConfigurationList section */
	};
	rootObject = ABDFCE79272BB8CB0007E14B /* Project object */;
}
